{
  "nodes": {
    "nixpkgs": {
      "locked": {
        "lastModified": 1635155444,
        "narHash": "sha256-s8+F2Y+hM513Az1nvsb4xrNST1NAUeaKW/CHh5SOoBE=",
        "owner": "NixOS",
        "repo": "nixpkgs",
        "rev": "b0d580340086409e6181643a37d82d834a164bf2",
        "type": "github"
      },
      "original": {
        "id": "nixpkgs",
        "type": "indirect"
      }
    },
    "root": {
      "inputs": {
        "nixpkgs": "nixpkgs",
        "utils": "utils"
      }
    },
    "utils": {
      "locked": {
        "lastModified": 1634851050,
        "narHash": "sha256-N83GlSGPJJdcqhUxSCS/WwW5pksYf3VP1M13cDRTSVA=",
        "owner": "numtide",
        "repo": "flake-utils",
        "rev": "c91f3de5adaf1de973b797ef7485e441a65b8935",
        "type": "github"
      },
      "original": {
        "owner": "numtide",
        "repo": "flake-utils",
        "type": "github"
      }
    }
  },
  "root": "root",
  "version": 7
}
